
Microsoft Visual Studio Solution File, Format Version 12.00
# Visual Studio Version 17
VisualStudioVersion = 17.6.33815.320
MinimumVisualStudioVersion = 10.0.40219.1
Project("{FAE04EC0-301F-11D3-BF4B-00C04F79EFBC}") = "Rust", "Rust\Rust.csproj", "{F8C089B3-0DB0-48B7-8579-D38661A83B92}"
EndProject
Global
	GlobalSection(SolutionConfigurationPlatforms) = preSolution
		Debug|Any CPU = Debug|Any CPU
		Release|Any CPU = Release|Any CPU
	EndGlobalSection
	GlobalSection(ProjectConfigurationPlatforms) = postSolution
		{F8C089B3-0DB0-48B7-8579-D38661A83B92}.Debug|Any CPU.ActiveCfg = Debug|Any CPU
		{F8C089B3-0DB0-48B7-8579-D38661A83B92}.Debug|Any CPU.Build.0 = Debug|Any CPU
		{F8C089B3-0DB0-48B7-8579-D38661A83B92}.Release|Any CPU.ActiveCfg = Release|Any CPU
		{F8C089B3-0DB0-48B7-8579-D38661A83B92}.Release|Any CPU.Build.0 = Release|Any CPU
	EndGlobalSection
	GlobalSection(SolutionProperties) = preSolution
		HideSolutionNode = FALSE
	EndGlobalSection
	GlobalSection(ExtensibilityGlobals) = postSolution
		SolutionGuid = {A8FAE8C3-79F9-4DA0-A716-1392BCEA80B0}
	EndGlobalSection
EndGlobal
